
Microsoft Visual Studio Solution File, Format Version 12.00
# Visual Studio Version 17
VisualStudioVersion = 17.11.35327.3
MinimumVisualStudioVersion = 10.0.40219.1
Project("{FAE04EC0-301F-11D3-BF4B-00C04F79EFBC}") = "NX AI", "NX AI\NX AI.csproj", "{AF043920-C557-475E-83D3-C1EB41F99350}"
EndProject
Global
	GlobalSection(SolutionConfigurationPlatforms) = preSolution
		Debug|Any CPU = Debug|Any CPU
		Release|Any CPU = Release|Any CPU
	EndGlobalSection
	GlobalSection(ProjectConfigurationPlatforms) = postSolution
		{AF043920-C557-475E-83D3-C1EB41F99350}.Debug|Any CPU.ActiveCfg = Debug|Any CPU
		{AF043920-C557-475E-83D3-C1EB41F99350}.Debug|Any CPU.Build.0 = Debug|Any CPU
		{AF043920-C557-475E-83D3-C1EB41F99350}.Release|Any CPU.ActiveCfg = Release|Any CPU
		{AF043920-C557-475E-83D3-C1EB41F99350}.Release|Any CPU.Build.0 = Release|Any CPU
	EndGlobalSection
	GlobalSection(SolutionProperties) = preSolution
		HideSolutionNode = FALSE
	EndGlobalSection
	GlobalSection(ExtensibilityGlobals) = postSolution
		SolutionGuid = {E0A168AA-98F0-4FF3-8A0A-505780E997BF}
	EndGlobalSection
EndGlobal
